
Microsoft Visual Studio Solution File, Format Version 12.00
# Visual Studio Version 17
VisualStudioVersion = 17.3.32804.467
MinimumVisualStudioVersion = 10.0.40219.1
Project("{FAE04EC0-301F-11D3-BF4B-00C04F79EFBC}") = "Githubproject", "Githubproject\Githubproject.csproj", "{65470C5B-0E65-4CCB-B7DE-DA8D320B69BD}"
EndProject
Global
	GlobalSection(SolutionConfigurationPlatforms) = preSolution
		Debug|Any CPU = Debug|Any CPU
		Release|Any CPU = Release|Any CPU
	EndGlobalSection
	GlobalSection(ProjectConfigurationPlatforms) = postSolution
		{65470C5B-0E65-4CCB-B7DE-DA8D320B69BD}.Debug|Any CPU.ActiveCfg = Debug|Any CPU
		{65470C5B-0E65-4CCB-B7DE-DA8D320B69BD}.Debug|Any CPU.Build.0 = Debug|Any CPU
		{65470C5B-0E65-4CCB-B7DE-DA8D320B69BD}.Release|Any CPU.ActiveCfg = Release|Any CPU
		{65470C5B-0E65-4CCB-B7DE-DA8D320B69BD}.Release|Any CPU.Build.0 = Release|Any CPU
	EndGlobalSection
	GlobalSection(SolutionProperties) = preSolution
		HideSolutionNode = FALSE
	EndGlobalSection
	GlobalSection(ExtensibilityGlobals) = postSolution
		SolutionGuid = {13C6294B-EF7D-4CAC-99D3-1C8931FA7687}
	EndGlobalSection
EndGlobal
